
Microsoft Visual Studio Solution File, Format Version 12.00
# Visual Studio for Mac
Project("{FAE04EC0-301F-11D3-BF4B-00C04F79EFBC}") = "Assembly-CSharp", "Assembly-CSharp.csproj", "{CB67C687-4F91-423B-C217-18FD30193B53}"
EndProject
Project("{FAE04EC0-301F-11D3-BF4B-00C04F79EFBC}") = "Assembly-CSharp-Editor", "Assembly-CSharp-Editor.csproj", "{0FC8703A-2070-9D7D-8D6E-A5E858A49DC9}"
EndProject
Global
	GlobalSection(SolutionConfigurationPlatforms) = preSolution
		Debug|Any CPU = Debug|Any CPU
		Release|Any CPU = Release|Any CPU
	EndGlobalSection
	GlobalSection(ProjectConfigurationPlatforms) = postSolution
		{CB67C687-4F91-423B-C217-18FD30193B53}.Debug|Any CPU.ActiveCfg = Debug|Any CPU
		{CB67C687-4F91-423B-C217-18FD30193B53}.Debug|Any CPU.Build.0 = Debug|Any CPU
		{CB67C687-4F91-423B-C217-18FD30193B53}.Release|Any CPU.ActiveCfg = Release|Any CPU
		{CB67C687-4F91-423B-C217-18FD30193B53}.Release|Any CPU.Build.0 = Release|Any CPU
		{0FC8703A-2070-9D7D-8D6E-A5E858A49DC9}.Debug|Any CPU.ActiveCfg = Debug|Any CPU
		{0FC8703A-2070-9D7D-8D6E-A5E858A49DC9}.Debug|Any CPU.Build.0 = Debug|Any CPU
		{0FC8703A-2070-9D7D-8D6E-A5E858A49DC9}.Release|Any CPU.ActiveCfg = Release|Any CPU
		{0FC8703A-2070-9D7D-8D6E-A5E858A49DC9}.Release|Any CPU.Build.0 = Release|Any CPU
	EndGlobalSection
	GlobalSection(SolutionProperties) = preSolution
		HideSolutionNode = FALSE
	EndGlobalSection
EndGlobal
