
Microsoft Visual Studio Solution File, Format Version 11.00
# Visual Studio 2010
Project("{FAE04EC0-301F-11D3-BF4B-00C04F79EFBC}") = "VuforiaScripts", "VuforiaScripts.csproj", "{6E1EB25E-1AE2-11A8-04C1-95D9569884AF}"
EndProject
Project("{FAE04EC0-301F-11D3-BF4B-00C04F79EFBC}") = "Assembly-CSharp", "Assembly-CSharp.csproj", "{31DC3638-AAB6-AF6C-1FB0-5102BA1DB228}"
EndProject
Project("{FAE04EC0-301F-11D3-BF4B-00C04F79EFBC}") = "Assembly-CSharp-Editor", "Assembly-CSharp-Editor.csproj", "{D7DD2193-341D-F658-EB35-B1FC5D1DA75B}"
EndProject
Project("{FAE04EC0-301F-11D3-BF4B-00C04F79EFBC}") = "VuforiaEditorScripts", "VuforiaEditorScripts.csproj", "{501B2986-52E5-0B08-A031-526297279512}"
EndProject
Project("{FAE04EC0-301F-11D3-BF4B-00C04F79EFBC}") = "VuforiaVersionCheckerScripts", "VuforiaVersionCheckerScripts.csproj", "{9BD24A81-04E8-59DF-CD04-82306F288D49}"
EndProject
Global
	GlobalSection(SolutionConfigurationPlatforms) = preSolution
		Debug|Any CPU = Debug|Any CPU
		Release|Any CPU = Release|Any CPU
	EndGlobalSection
	GlobalSection(ProjectConfigurationPlatforms) = postSolution
		{6E1EB25E-1AE2-11A8-04C1-95D9569884AF}.Debug|Any CPU.ActiveCfg = Debug|Any CPU
		{6E1EB25E-1AE2-11A8-04C1-95D9569884AF}.Debug|Any CPU.Build.0 = Debug|Any CPU
		{6E1EB25E-1AE2-11A8-04C1-95D9569884AF}.Release|Any CPU.ActiveCfg = Release|Any CPU
		{6E1EB25E-1AE2-11A8-04C1-95D9569884AF}.Release|Any CPU.Build.0 = Release|Any CPU
		{31DC3638-AAB6-AF6C-1FB0-5102BA1DB228}.Debug|Any CPU.ActiveCfg = Debug|Any CPU
		{31DC3638-AAB6-AF6C-1FB0-5102BA1DB228}.Debug|Any CPU.Build.0 = Debug|Any CPU
		{31DC3638-AAB6-AF6C-1FB0-5102BA1DB228}.Release|Any CPU.ActiveCfg = Release|Any CPU
		{31DC3638-AAB6-AF6C-1FB0-5102BA1DB228}.Release|Any CPU.Build.0 = Release|Any CPU
		{D7DD2193-341D-F658-EB35-B1FC5D1DA75B}.Debug|Any CPU.ActiveCfg = Debug|Any CPU
		{D7DD2193-341D-F658-EB35-B1FC5D1DA75B}.Debug|Any CPU.Build.0 = Debug|Any CPU
		{D7DD2193-341D-F658-EB35-B1FC5D1DA75B}.Release|Any CPU.ActiveCfg = Release|Any CPU
		{D7DD2193-341D-F658-EB35-B1FC5D1DA75B}.Release|Any CPU.Build.0 = Release|Any CPU
		{501B2986-52E5-0B08-A031-526297279512}.Debug|Any CPU.ActiveCfg = Debug|Any CPU
		{501B2986-52E5-0B08-A031-526297279512}.Debug|Any CPU.Build.0 = Debug|Any CPU
		{501B2986-52E5-0B08-A031-526297279512}.Release|Any CPU.ActiveCfg = Release|Any CPU
		{501B2986-52E5-0B08-A031-526297279512}.Release|Any CPU.Build.0 = Release|Any CPU
		{9BD24A81-04E8-59DF-CD04-82306F288D49}.Debug|Any CPU.ActiveCfg = Debug|Any CPU
		{9BD24A81-04E8-59DF-CD04-82306F288D49}.Debug|Any CPU.Build.0 = Debug|Any CPU
		{9BD24A81-04E8-59DF-CD04-82306F288D49}.Release|Any CPU.ActiveCfg = Release|Any CPU
		{9BD24A81-04E8-59DF-CD04-82306F288D49}.Release|Any CPU.Build.0 = Release|Any CPU
	EndGlobalSection
	GlobalSection(SolutionProperties) = preSolution
		HideSolutionNode = FALSE
	EndGlobalSection
EndGlobal
