
Microsoft Visual Studio Solution File, Format Version 12.00
# Visual Studio 15
Project("{FAE04EC0-301F-11D3-BF4B-00C04F79EFBC}") = "OperatAR", "OperatAR.csproj", "{361E3BD0-F5A2-02BA-0224-FBC0EC62EBBC}"
EndProject
Project("{FAE04EC0-301F-11D3-BF4B-00C04F79EFBC}") = "OperatAR.Editor", "OperatAR.Editor.csproj", "{8F2E3DFA-6C33-5941-63F6-ACEC06C48D07}"
EndProject
Global
	GlobalSection(SolutionConfigurationPlatforms) = preSolution
		Debug|Any CPU = Debug|Any CPU
		Release|Any CPU = Release|Any CPU
	EndGlobalSection
	GlobalSection(ProjectConfigurationPlatforms) = postSolution
		{361E3BD0-F5A2-02BA-0224-FBC0EC62EBBC}.Debug|Any CPU.ActiveCfg = Debug|Any CPU
		{361E3BD0-F5A2-02BA-0224-FBC0EC62EBBC}.Debug|Any CPU.Build.0 = Debug|Any CPU
		{361E3BD0-F5A2-02BA-0224-FBC0EC62EBBC}.Release|Any CPU.ActiveCfg = Release|Any CPU
		{361E3BD0-F5A2-02BA-0224-FBC0EC62EBBC}.Release|Any CPU.Build.0 = Release|Any CPU
		{8F2E3DFA-6C33-5941-63F6-ACEC06C48D07}.Debug|Any CPU.ActiveCfg = Debug|Any CPU
		{8F2E3DFA-6C33-5941-63F6-ACEC06C48D07}.Debug|Any CPU.Build.0 = Debug|Any CPU
		{8F2E3DFA-6C33-5941-63F6-ACEC06C48D07}.Release|Any CPU.ActiveCfg = Release|Any CPU
		{8F2E3DFA-6C33-5941-63F6-ACEC06C48D07}.Release|Any CPU.Build.0 = Release|Any CPU
	EndGlobalSection
	GlobalSection(SolutionProperties) = preSolution
		HideSolutionNode = FALSE
	EndGlobalSection
EndGlobal
